// !$*UTF8*$!
{
	archiveVersion = 1;
	classes = {
	};
	objectVersion = 55;
	objects = {

/* Begin PBXBuildFile section */
		B31274E428EB44D800E46C6B /* serviceappApp.swift in Sources */ = {isa = PBXBuildFile; fileRef = B31274E328EB44D800E46C6B /* serviceappApp.swift */; };
		B31274E628EB44D800E46C6B /* ContentView.swift in Sources */ = {isa = PBXBuildFile; fileRef = B31274E528EB44D800E46C6B /* ContentView.swift */; };
		B31274E828EB44DA00E46C6B /* Assets.xcassets in Resources */ = {isa = PBXBuildFile; fileRef = B31274E728EB44DA00E46C6B /* Assets.xcassets */; };
		B31274EB28EB44DA00E46C6B /* Preview Assets.xcassets in Resources */ = {isa = PBXBuildFile; fileRef = B31274EA28EB44DA00E46C6B /* Preview Assets.xcassets */; };
		B31274F228EB45B300E46C6B /* addActivity.swift in Sources */ = {isa = PBXBuildFile; fileRef = B31274F128EB45B300E46C6B /* addActivity.swift */; };
		B31274F428EB45DA00E46C6B /* dat2.txt in Resources */ = {isa = PBXBuildFile; fileRef = B31274F328EB45DA00E46C6B /* dat2.txt */; };
		B31274F628EB45F400E46C6B /* data.json in Resources */ = {isa = PBXBuildFile; fileRef = B31274F528EB45F400E46C6B /* data.json */; };
		B31274F828EB468500E46C6B /* Extenstions.swift in Sources */ = {isa = PBXBuildFile; fileRef = B31274F728EB468500E46C6B /* Extenstions.swift */; };
		B31274FA28EB46B200E46C6B /* RecentTransactionList.swift in Sources */ = {isa = PBXBuildFile; fileRef = B31274F928EB46B200E46C6B /* RecentTransactionList.swift */; };
		B31274FC28EB46CF00E46C6B /* Splash Screen.swift in Sources */ = {isa = PBXBuildFile; fileRef = B31274FB28EB46CF00E46C6B /* Splash Screen.swift */; };
		B31274FE28EB46F500E46C6B /* TranactionRow.swift in Sources */ = {isa = PBXBuildFile; fileRef = B31274FD28EB46F500E46C6B /* TranactionRow.swift */; };
		B312750028EB471000E46C6B /* TransactionList.swift in Sources */ = {isa = PBXBuildFile; fileRef = B31274FF28EB471000E46C6B /* TransactionList.swift */; };
		B312750228EB472F00E46C6B /* TransactionListViewModel.swift in Sources */ = {isa = PBXBuildFile; fileRef = B312750128EB472F00E46C6B /* TransactionListViewModel.swift */; };
		B312750428EB474800E46C6B /* TransactionModel.swift in Sources */ = {isa = PBXBuildFile; fileRef = B312750328EB474800E46C6B /* TransactionModel.swift */; };
		B312750728EB47C100E46C6B /* SwiftUIFontIcon in Frameworks */ = {isa = PBXBuildFile; productRef = B312750628EB47C100E46C6B /* SwiftUIFontIcon */; };
		B312750A28EB481100E46C6B /* Collections in Frameworks */ = {isa = PBXBuildFile; productRef = B312750928EB481100E46C6B /* Collections */; };
		B312750D28EB484700E46C6B /* SwiftUICharts in Frameworks */ = {isa = PBXBuildFile; productRef = B312750C28EB484700E46C6B /* SwiftUICharts */; };
		B312750F28EB488000E46C6B /* acs.png in Resources */ = {isa = PBXBuildFile; fileRef = B312750E28EB488000E46C6B /* acs.png */; };
		B312751128EB490200E46C6B /* PreviewData.swift in Sources */ = {isa = PBXBuildFile; fileRef = B312751028EB490200E46C6B /* PreviewData.swift */; };
/* End PBXBuildFile section */

/* Begin PBXFileReference section */
		B31274E028EB44D800E46C6B /* serviceapp.app */ = {isa = PBXFileReference; explicitFileType = wrapper.application; includeInIndex = 0; path = serviceapp.app; sourceTree = BUILT_PRODUCTS_DIR; };
		B31274E328EB44D800E46C6B /* serviceappApp.swift */ = {isa = PBXFileReference; lastKnownFileType = sourcecode.swift; path = serviceappApp.swift; sourceTree = "<group>"; };
		B31274E528EB44D800E46C6B /* ContentView.swift */ = {isa = PBXFileReference; lastKnownFileType = sourcecode.swift; path = ContentView.swift; sourceTree = "<group>"; };
		B31274E728EB44DA00E46C6B /* Assets.xcassets */ = {isa = PBXFileReference; lastKnownFileType = folder.assetcatalog; path = Assets.xcassets; sourceTree = "<group>"; };
		B31274EA28EB44DA00E46C6B /* Preview Assets.xcassets */ = {isa = PBXFileReference; lastKnownFileType = folder.assetcatalog; path = "Preview Assets.xcassets"; sourceTree = "<group>"; };
		B31274F128EB45B300E46C6B /* addActivity.swift */ = {isa = PBXFileReference; lastKnownFileType = sourcecode.swift; path = addActivity.swift; sourceTree = "<group>"; };
		B31274F328EB45DA00E46C6B /* dat2.txt */ = {isa = PBXFileReference; fileEncoding = 4; lastKnownFileType = text; path = dat2.txt; sourceTree = "<group>"; };
		B31274F528EB45F400E46C6B /* data.json */ = {isa = PBXFileReference; fileEncoding = 4; lastKnownFileType = text.json; path = data.json; sourceTree = "<group>"; };
		B31274F728EB468500E46C6B /* Extenstions.swift */ = {isa = PBXFileReference; lastKnownFileType = sourcecode.swift; path = Extenstions.swift; sourceTree = "<group>"; };
		B31274F928EB46B200E46C6B /* RecentTransactionList.swift */ = {isa = PBXFileReference; lastKnownFileType = sourcecode.swift; path = RecentTransactionList.swift; sourceTree = "<group>"; };
		B31274FB28EB46CF00E46C6B /* Splash Screen.swift */ = {isa = PBXFileReference; lastKnownFileType = sourcecode.swift; path = "Splash Screen.swift"; sourceTree = "<group>"; };
		B31274FD28EB46F500E46C6B /* TranactionRow.swift */ = {isa = PBXFileReference; lastKnownFileType = sourcecode.swift; path = TranactionRow.swift; sourceTree = "<group>"; };
		B31274FF28EB471000E46C6B /* TransactionList.swift */ = {isa = PBXFileReference; lastKnownFileType = sourcecode.swift; path = TransactionList.swift; sourceTree = "<group>"; };
		B312750128EB472F00E46C6B /* TransactionListViewModel.swift */ = {isa = PBXFileReference; lastKnownFileType = sourcecode.swift; path = TransactionListViewModel.swift; sourceTree = "<group>"; };
		B312750328EB474800E46C6B /* TransactionModel.swift */ = {isa = PBXFileReference; lastKnownFileType = sourcecode.swift; path = TransactionModel.swift; sourceTree = "<group>"; };
		B312750E28EB488000E46C6B /* acs.png */ = {isa = PBXFileReference; lastKnownFileType = image.png; path = acs.png; sourceTree = "<group>"; };
		B312751028EB490200E46C6B /* PreviewData.swift */ = {isa = PBXFileReference; fileEncoding = 4; lastKnownFileType = sourcecode.swift; path = PreviewData.swift; sourceTree = "<group>"; };
/* End PBXFileReference section */

/* Begin PBXFrameworksBuildPhase section */
		B31274DD28EB44D800E46C6B /* Frameworks */ = {
			isa = PBXFrameworksBuildPhase;
			buildActionMask = 2147483647;
			files = (
				B312750D28EB484700E46C6B /* SwiftUICharts in Frameworks */,
				B312750A28EB481100E46C6B /* Collections in Frameworks */,
				B312750728EB47C100E46C6B /* SwiftUIFontIcon in Frameworks */,
			);
			runOnlyForDeploymentPostprocessing = 0;
		};
/* End PBXFrameworksBuildPhase section */

/* Begin PBXGroup section */
		B31274D728EB44D800E46C6B = {
			isa = PBXGroup;
			children = (
				B31274E228EB44D800E46C6B /* serviceapp */,
				B31274E128EB44D800E46C6B /* Products */,
			);
			sourceTree = "<group>";
		};
		B31274E128EB44D800E46C6B /* Products */ = {
			isa = PBXGroup;
			children = (
				B31274E028EB44D800E46C6B /* serviceapp.app */,
			);
			name = Products;
			sourceTree = "<group>";
		};
		B31274E228EB44D800E46C6B /* serviceapp */ = {
			isa = PBXGroup;
			children = (
				B31274E328EB44D800E46C6B /* serviceappApp.swift */,
				B31274E528EB44D800E46C6B /* ContentView.swift */,
				B31274F128EB45B300E46C6B /* addActivity.swift */,
				B31274F728EB468500E46C6B /* Extenstions.swift */,
				B31274F928EB46B200E46C6B /* RecentTransactionList.swift */,
				B31274F328EB45DA00E46C6B /* dat2.txt */,
				B31274FB28EB46CF00E46C6B /* Splash Screen.swift */,
				B31274FD28EB46F500E46C6B /* TranactionRow.swift */,
				B31274FF28EB471000E46C6B /* TransactionList.swift */,
				B312750128EB472F00E46C6B /* TransactionListViewModel.swift */,
				B312750328EB474800E46C6B /* TransactionModel.swift */,
				B31274F528EB45F400E46C6B /* data.json */,
				B31274E728EB44DA00E46C6B /* Assets.xcassets */,
				B312750E28EB488000E46C6B /* acs.png */,
				B31274E928EB44DA00E46C6B /* Preview Content */,
			);
			path = serviceapp;
			sourceTree = "<group>";
		};
		B31274E928EB44DA00E46C6B /* Preview Content */ = {
			isa = PBXGroup;
			children = (
				B312751028EB490200E46C6B /* PreviewData.swift */,
				B31274EA28EB44DA00E46C6B /* Preview Assets.xcassets */,
			);
			path = "Preview Content";
			sourceTree = "<group>";
		};
/* End PBXGroup section */

/* Begin PBXNativeTarget section */
		B31274DF28EB44D800E46C6B /* serviceapp */ = {
			isa = PBXNativeTarget;
			buildConfigurationList = B31274EE28EB44DA00E46C6B /* Build configuration list for PBXNativeTarget "serviceapp" */;
			buildPhases = (
				B31274DC28EB44D800E46C6B /* Sources */,
				B31274DD28EB44D800E46C6B /* Frameworks */,
				B31274DE28EB44D800E46C6B /* Resources */,
			);
			buildRules = (
			);
			dependencies = (
			);
			name = serviceapp;
			packageProductDependencies = (
				B312750628EB47C100E46C6B /* SwiftUIFontIcon */,
				B312750928EB481100E46C6B /* Collections */,
				B312750C28EB484700E46C6B /* SwiftUICharts */,
			);
			productName = serviceapp;
			productReference = B31274E028EB44D800E46C6B /* serviceapp.app */;
			productType = "com.apple.product-type.application";
		};
/* End PBXNativeTarget section */

/* Begin PBXProject section */
		B31274D828EB44D800E46C6B /* Project object */ = {
			isa = PBXProject;
			attributes = {
				BuildIndependentTargetsInParallel = 1;
				LastSwiftUpdateCheck = 1340;
				LastUpgradeCheck = 1340;
				TargetAttributes = {
					B31274DF28EB44D800E46C6B = {
						CreatedOnToolsVersion = 13.4.1;
					};
				};
			};
			buildConfigurationList = B31274DB28EB44D800E46C6B /* Build configuration list for PBXProject "serviceapp" */;
			compatibilityVersion = "Xcode 13.0";
			developmentRegion = en;
			hasScannedForEncodings = 0;
			knownRegions = (
				en,
				Base,
			);
			mainGroup = B31274D728EB44D800E46C6B;
			packageReferences = (
				B312750528EB47C100E46C6B /* XCRemoteSwiftPackageReference "SwiftUIFontIcon" */,
				B312750828EB481100E46C6B /* XCRemoteSwiftPackageReference "swift-collections" */,
				B312750B28EB484700E46C6B /* XCRemoteSwiftPackageReference "ChartView" */,
			);
			productRefGroup = B31274E128EB44D800E46C6B /* Products */;
			projectDirPath = "";
			projectRoot = "";
			targets = (
				B31274DF28EB44D800E46C6B /* serviceapp */,
			);
		};
/* End PBXProject section */

/* Begin PBXResourcesBuildPhase section */
		B31274DE28EB44D800E46C6B /* Resources */ = {
			isa = PBXResourcesBuildPhase;
			buildActionMask = 2147483647;
			files = (
				B312750F28EB488000E46C6B /* acs.png in Resources */,
				B31274EB28EB44DA00E46C6B /* Preview Assets.xcassets in Resources */,
				B31274F428EB45DA00E46C6B /* dat2.txt in Resources */,
				B31274E828EB44DA00E46C6B /* Assets.xcassets in Resources */,
				B31274F628EB45F400E46C6B /* data.json in Resources */,
			);
			runOnlyForDeploymentPostprocessing = 0;
		};
/* End PBXResourcesBuildPhase section */

/* Begin PBXSourcesBuildPhase section */
		B31274DC28EB44D800E46C6B /* Sources */ = {
			isa = PBXSourcesBuildPhase;
			buildActionMask = 2147483647;
			files = (
				B312750428EB474800E46C6B /* TransactionModel.swift in Sources */,
				B31274F828EB468500E46C6B /* Extenstions.swift in Sources */,
				B31274E628EB44D800E46C6B /* ContentView.swift in Sources */,
				B312751128EB490200E46C6B /* PreviewData.swift in Sources */,
				B312750028EB471000E46C6B /* TransactionList.swift in Sources */,
				B31274E428EB44D800E46C6B /* serviceappApp.swift in Sources */,
				B312750228EB472F00E46C6B /* TransactionListViewModel.swift in Sources */,
				B31274FE28EB46F500E46C6B /* TranactionRow.swift in Sources */,
				B31274FC28EB46CF00E46C6B /* Splash Screen.swift in Sources */,
				B31274F228EB45B300E46C6B /* addActivity.swift in Sources */,
				B31274FA28EB46B200E46C6B /* RecentTransactionList.swift in Sources */,
			);
			runOnlyForDeploymentPostprocessing = 0;
		};
/* End PBXSourcesBuildPhase section */

/* Begin XCBuildConfiguration section */
		B31274EC28EB44DA00E46C6B /* Debug */ = {
			isa = XCBuildConfiguration;
			buildSettings = {
				ALWAYS_SEARCH_USER_PATHS = NO;
				CLANG_ANALYZER_NONNULL = YES;
				CLANG_ANALYZER_NUMBER_OBJECT_CONVERSION = YES_AGGRESSIVE;
				CLANG_CXX_LANGUAGE_STANDARD = "gnu++17";
				CLANG_ENABLE_MODULES = YES;
				CLANG_ENABLE_OBJC_ARC = YES;
				CLANG_ENABLE_OBJC_WEAK = YES;
				CLANG_WARN_BLOCK_CAPTURE_AUTORELEASING = YES;
				CLANG_WARN_BOOL_CONVERSION = YES;
				CLANG_WARN_COMMA = YES;
				CLANG_WARN_CONSTANT_CONVERSION = YES;
				CLANG_WARN_DEPRECATED_OBJC_IMPLEMENTATIONS = YES;
				CLANG_WARN_DIRECT_OBJC_ISA_USAGE = YES_ERROR;
				CLANG_WARN_DOCUMENTATION_COMMENTS = YES;
				CLANG_WARN_EMPTY_BODY = YES;
				CLANG_WARN_ENUM_CONVERSION = YES;
				CLANG_WARN_INFINITE_RECURSION = YES;
				CLANG_WARN_INT_CONVERSION = YES;
				CLANG_WARN_NON_LITERAL_NULL_CONVERSION = YES;
				CLANG_WARN_OBJC_IMPLICIT_RETAIN_SELF = YES;
				CLANG_WARN_OBJC_LITERAL_CONVERSION = YES;
				CLANG_WARN_OBJC_ROOT_CLASS = YES_ERROR;
				CLANG_WARN_QUOTED_INCLUDE_IN_FRAMEWORK_HEADER = YES;
				CLANG_WARN_RANGE_LOOP_ANALYSIS = YES;
				CLANG_WARN_STRICT_PROTOTYPES = YES;
				CLANG_WARN_SUSPICIOUS_MOVE = YES;
				CLANG_WARN_UNGUARDED_AVAILABILITY = YES_AGGRESSIVE;
				CLANG_WARN_UNREACHABLE_CODE = YES;
				CLANG_WARN__DUPLICATE_METHOD_MATCH = YES;
				COPY_PHASE_STRIP = NO;
				DEBUG_INFORMATION_FORMAT = dwarf;
				ENABLE_STRICT_OBJC_MSGSEND = YES;
				ENABLE_TESTABILITY = YES;
				GCC_C_LANGUAGE_STANDARD = gnu11;
				GCC_DYNAMIC_NO_PIC = NO;
				GCC_NO_COMMON_BLOCKS = YES;
				GCC_OPTIMIZATION_LEVEL = 0;
				GCC_PREPROCESSOR_DEFINITIONS = (
					"DEBUG=1",
					"$(inherited)",
				);
				GCC_WARN_64_TO_32_BIT_CONVERSION = YES;
				GCC_WARN_ABOUT_RETURN_TYPE = YES_ERROR;
				GCC_WARN_UNDECLARED_SELECTOR = YES;
				GCC_WARN_UNINITIALIZED_AUTOS = YES_AGGRESSIVE;
				GCC_WARN_UNUSED_FUNCTION = YES;
				GCC_WARN_UNUSED_VARIABLE = YES;
				IPHONEOS_DEPLOYMENT_TARGET = 15.5;
				MTL_ENABLE_DEBUG_INFO = INCLUDE_SOURCE;
				MTL_FAST_MATH = YES;
				ONLY_ACTIVE_ARCH = YES;
				SDKROOT = iphoneos;
				SWIFT_ACTIVE_COMPILATION_CONDITIONS = DEBUG;
				SWIFT_OPTIMIZATION_LEVEL = "-Onone";
			};
			name = Debug;
		};
		B31274ED28EB44DA00E46C6B /* Release */ = {
			isa = XCBuildConfiguration;
			buildSettings = {
				ALWAYS_SEARCH_USER_PATHS = NO;
				CLANG_ANALYZER_NONNULL = YES;
				CLANG_ANALYZER_NUMBER_OBJECT_CONVERSION = YES_AGGRESSIVE;
				CLANG_CXX_LANGUAGE_STANDARD = "gnu++17";
				CLANG_ENABLE_MODULES = YES;
				CLANG_ENABLE_OBJC_ARC = YES;
				CLANG_ENABLE_OBJC_WEAK = YES;
				CLANG_WARN_BLOCK_CAPTURE_AUTORELEASING = YES;
				CLANG_WARN_BOOL_CONVERSION = YES;
				CLANG_WARN_COMMA = YES;
				CLANG_WARN_CONSTANT_CONVERSION = YES;
				CLANG_WARN_DEPRECATED_OBJC_IMPLEMENTATIONS = YES;
				CLANG_WARN_DIRECT_OBJC_ISA_USAGE = YES_ERROR;
				CLANG_WARN_DOCUMENTATION_COMMENTS = YES;
				CLANG_WARN_EMPTY_BODY = YES;
				CLANG_WARN_ENUM_CONVERSION = YES;
				CLANG_WARN_INFINITE_RECURSION = YES;
				CLANG_WARN_INT_CONVERSION = YES;
				CLANG_WARN_NON_LITERAL_NULL_CONVERSION = YES;
				CLANG_WARN_OBJC_IMPLICIT_RETAIN_SELF = YES;
				CLANG_WARN_OBJC_LITERAL_CONVERSION = YES;
				CLANG_WARN_OBJC_ROOT_CLASS = YES_ERROR;
				CLANG_WARN_QUOTED_INCLUDE_IN_FRAMEWORK_HEADER = YES;
				CLANG_WARN_RANGE_LOOP_ANALYSIS = YES;
				CLANG_WARN_STRICT_PROTOTYPES = YES;
				CLANG_WARN_SUSPICIOUS_MOVE = YES;
				CLANG_WARN_UNGUARDED_AVAILABILITY = YES_AGGRESSIVE;
				CLANG_WARN_UNREACHABLE_CODE = YES;
				CLANG_WARN__DUPLICATE_METHOD_MATCH = YES;
				COPY_PHASE_STRIP = NO;
				DEBUG_INFORMATION_FORMAT = "dwarf-with-dsym";
				ENABLE_NS_ASSERTIONS = NO;
				ENABLE_STRICT_OBJC_MSGSEND = YES;
				GCC_C_LANGUAGE_STANDARD = gnu11;
				GCC_NO_COMMON_BLOCKS = YES;
				GCC_WARN_64_TO_32_BIT_CONVERSION = YES;
				GCC_WARN_ABOUT_RETURN_TYPE = YES_ERROR;
				GCC_WARN_UNDECLARED_SELECTOR = YES;
				GCC_WARN_UNINITIALIZED_AUTOS = YES_AGGRESSIVE;
				GCC_WARN_UNUSED_FUNCTION = YES;
				GCC_WARN_UNUSED_VARIABLE = YES;
				IPHONEOS_DEPLOYMENT_TARGET = 15.5;
				MTL_ENABLE_DEBUG_INFO = NO;
				MTL_FAST_MATH = YES;
				SDKROOT = iphoneos;
				SWIFT_COMPILATION_MODE = wholemodule;
				SWIFT_OPTIMIZATION_LEVEL = "-O";
				VALIDATE_PRODUCT = YES;
			};
			name = Release;
		};
		B31274EF28EB44DA00E46C6B /* Debug */ = {
			isa = XCBuildConfiguration;
			buildSettings = {
				ASSETCATALOG_COMPILER_APPICON_NAME = AppIcon;
				ASSETCATALOG_COMPILER_GLOBAL_ACCENT_COLOR_NAME = AccentColor;
				CODE_SIGN_STYLE = Automatic;
				CURRENT_PROJECT_VERSION = 1;
				DEVELOPMENT_ASSET_PATHS = "\"serviceapp/Preview Content\"";
				ENABLE_PREVIEWS = YES;
				GENERATE_INFOPLIST_FILE = YES;
				INFOPLIST_KEY_UIApplicationSceneManifest_Generation = YES;
				INFOPLIST_KEY_UIApplicationSupportsIndirectInputEvents = YES;
				INFOPLIST_KEY_UILaunchScreen_Generation = YES;
				INFOPLIST_KEY_UISupportedInterfaceOrientations_iPad = "UIInterfaceOrientationPortrait UIInterfaceOrientationPortraitUpsideDown UIInterfaceOrientationLandscapeLeft UIInterfaceOrientationLandscapeRight";
				INFOPLIST_KEY_UISupportedInterfaceOrientations_iPhone = "UIInterfaceOrientationPortrait UIInterfaceOrientationLandscapeLeft UIInterfaceOrientationLandscapeRight";
				LD_RUNPATH_SEARCH_PATHS = (
					"$(inherited)",
					"@executable_path/Frameworks",
				);
				MARKETING_VERSION = 1.0;
				PRODUCT_BUNDLE_IDENTIFIER = Kyna.serviceapp;
				PRODUCT_NAME = "$(TARGET_NAME)";
				SWIFT_EMIT_LOC_STRINGS = YES;
				SWIFT_VERSION = 5.0;
				TARGETED_DEVICE_FAMILY = "1,2";
			};
			name = Debug;
		};
		B31274F028EB44DA00E46C6B /* Release */ = {
			isa = XCBuildConfiguration;
			buildSettings = {
				ASSETCATALOG_COMPILER_APPICON_NAME = AppIcon;
				ASSETCATALOG_COMPILER_GLOBAL_ACCENT_COLOR_NAME = AccentColor;
				CODE_SIGN_STYLE = Automatic;
				CURRENT_PROJECT_VERSION = 1;
				DEVELOPMENT_ASSET_PATHS = "\"serviceapp/Preview Content\"";
				ENABLE_PREVIEWS = YES;
				GENERATE_INFOPLIST_FILE = YES;
				INFOPLIST_KEY_UIApplicationSceneManifest_Generation = YES;
				INFOPLIST_KEY_UIApplicationSupportsIndirectInputEvents = YES;
				INFOPLIST_KEY_UILaunchScreen_Generation = YES;
				INFOPLIST_KEY_UISupportedInterfaceOrientations_iPad = "UIInterfaceOrientationPortrait UIInterfaceOrientationPortraitUpsideDown UIInterfaceOrientationLandscapeLeft UIInterfaceOrientationLandscapeRight";
				INFOPLIST_KEY_UISupportedInterfaceOrientations_iPhone = "UIInterfaceOrientationPortrait UIInterfaceOrientationLandscapeLeft UIInterfaceOrientationLandscapeRight";
				LD_RUNPATH_SEARCH_PATHS = (
					"$(inherited)",
					"@executable_path/Frameworks",
				);
				MARKETING_VERSION = 1.0;
				PRODUCT_BUNDLE_IDENTIFIER = Kyna.serviceapp;
				PRODUCT_NAME = "$(TARGET_NAME)";
				SWIFT_EMIT_LOC_STRINGS = YES;
				SWIFT_VERSION = 5.0;
				TARGETED_DEVICE_FAMILY = "1,2";
			};
			name = Release;
		};
/* End XCBuildConfiguration section */

/* Begin XCConfigurationList section */
		B31274DB28EB44D800E46C6B /* Build configuration list for PBXProject "serviceapp" */ = {
			isa = XCConfigurationList;
			buildConfigurations = (
				B31274EC28EB44DA00E46C6B /* Debug */,
				B31274ED28EB44DA00E46C6B /* Release */,
			);
			defaultConfigurationIsVisible = 0;
			defaultConfigurationName = Release;
		};
		B31274EE28EB44DA00E46C6B /* Build configuration list for PBXNativeTarget "serviceapp" */ = {
			isa = XCConfigurationList;
			buildConfigurations = (
				B31274EF28EB44DA00E46C6B /* Debug */,
				B31274F028EB44DA00E46C6B /* Release */,
			);
			defaultConfigurationIsVisible = 0;
			defaultConfigurationName = Release;
		};
/* End XCConfigurationList section */

/* Begin XCRemoteSwiftPackageReference section */
		B312750528EB47C100E46C6B /* XCRemoteSwiftPackageReference "SwiftUIFontIcon" */ = {
			isa = XCRemoteSwiftPackageReference;
			repositoryURL = "https://github.com/huybuidac/SwiftUIFontIcon";
			requirement = {
				branch = master;
				kind = branch;
			};
		};
		B312750828EB481100E46C6B /* XCRemoteSwiftPackageReference "swift-collections" */ = {
			isa = XCRemoteSwiftPackageReference;
			repositoryURL = "https://github.com/apple/swift-collections.git";
			requirement = {
				kind = upToNextMajorVersion;
				minimumVersion = 1.0.2;
			};
		};
		B312750B28EB484700E46C6B /* XCRemoteSwiftPackageReference "ChartView" */ = {
			isa = XCRemoteSwiftPackageReference;
			repositoryURL = "https://github.com/AppPear/ChartView";
			requirement = {
				kind = exactVersion;
				version = "2.0.0-beta.2";
			};
		};
/* End XCRemoteSwiftPackageReference section */

/* Begin XCSwiftPackageProductDependency section */
		B312750628EB47C100E46C6B /* SwiftUIFontIcon */ = {
			isa = XCSwiftPackageProductDependency;
			package = B312750528EB47C100E46C6B /* XCRemoteSwiftPackageReference "SwiftUIFontIcon" */;
			productName = SwiftUIFontIcon;
		};
		B312750928EB481100E46C6B /* Collections */ = {
			isa = XCSwiftPackageProductDependency;
			package = B312750828EB481100E46C6B /* XCRemoteSwiftPackageReference "swift-collections" */;
			productName = Collections;
		};
		B312750C28EB484700E46C6B /* SwiftUICharts */ = {
			isa = XCSwiftPackageProductDependency;
			package = B312750B28EB484700E46C6B /* XCRemoteSwiftPackageReference "ChartView" */;
			productName = SwiftUICharts;
		};
/* End XCSwiftPackageProductDependency section */
	};
	rootObject = B31274D828EB44D800E46C6B /* Project object */;
}
